# THIS IS AN AUTOGENERATED FILE. DO NOT EDIT THIS FILE DIRECTLY.
# yarn lockfile v1


jquery@^3.5.1:
  version "3.5.1"
  resolved "https://registry.yarnpkg.com/jquery/-/jquery-3.5.1.tgz#d7b4d08e1bfdb86ad2f1a3d039ea17304717abb5"
  integrity sha512-XwIBPqcMn57FxfT+Go5pzySnm4KWkT1Tv7gjrpT1srtf8Weynl6R273VJ5GjkRb51IzMp5nbaPjJXMWeju2MKg==

viz.js@1.7.1:
  version "1.7.1"
  resolved "https://registry.yarnpkg.com/viz.js/-/viz.js-1.7.1.tgz#55bb93650b0504e746ccbcd32f43ac94522008b1"
  integrity sha1-VbuTZQsFBOdGzLzTL0OslFIgCLE=
